// !$*UTF8*$!
{
	archiveVersion = 1;
	classes = {
	};
	objectVersion = 46;
	objects = {

/* Begin PBXBuildFile section */
		4F729124BDB8FC647A780650 /* Pods_VipassanaTimer.framework in Frameworks */ = {isa = PBXBuildFile; fileRef = 3DA9F84A927CF18181FB1766 /* Pods_VipassanaTimer.framework */; };
		5C1A6D551E48CEAA0032A0F3 /* AppConfigExtensions.swift in Sources */ = {isa = PBXBuildFile; fileRef = 5C1A6D541E48CEAA0032A0F3 /* AppConfigExtensions.swift */; };
		5C1A6D571E48CF800032A0F3 /* SetAnfangsDatumStatistikVC.swift in Sources */ = {isa = PBXBuildFile; fileRef = 5C1A6D561E48CF800032A0F3 /* SetAnfangsDatumStatistikVC.swift */; };
		5C2D03861E3B6C4500A113FF /* KalenderTagHeader.xib in Resources */ = {isa = PBXBuildFile; fileRef = 5C2D03851E3B6C4500A113FF /* KalenderTagHeader.xib */; };
		5C2D03891E3B882800A113FF /* KalenderTitleView.xib in Resources */ = {isa = PBXBuildFile; fileRef = 5C2D03881E3B882800A113FF /* KalenderTitleView.xib */; };
		5C2D038D1E3F6F2C00A113FF /* MeditationTemplateExtension.swift in Sources */ = {isa = PBXBuildFile; fileRef = 5C2D038C1E3F6F2C00A113FF /* MeditationTemplateExtension.swift */; };
		5C2D038F1E3F6FD900A113FF /* KursTemplateExtensions.swift in Sources */ = {isa = PBXBuildFile; fileRef = 5C2D038E1E3F6FD900A113FF /* KursTemplateExtensions.swift */; };
		5C2D03911E3F7E5B00A113FF /* MeineKurseTableVC.swift in Sources */ = {isa = PBXBuildFile; fileRef = 5C2D03901E3F7E5B00A113FF /* MeineKurseTableVC.swift */; };
		5C2D03931E3F7EB000A113FF /* KursErstellenVC.swift in Sources */ = {isa = PBXBuildFile; fileRef = 5C2D03921E3F7EB000A113FF /* KursErstellenVC.swift */; };
		5C342A4B1E1C03DD007D2305 /* AppDelegate.swift in Sources */ = {isa = PBXBuildFile; fileRef = 5C342A4A1E1C03DD007D2305 /* AppDelegate.swift */; };
		5C342A531E1C03DD007D2305 /* VipassanaTimer.xcdatamodeld in Sources */ = {isa = PBXBuildFile; fileRef = 5C342A511E1C03DD007D2305 /* VipassanaTimer.xcdatamodeld */; };
		5C342A551E1C03DD007D2305 /* Assets.xcassets in Resources */ = {isa = PBXBuildFile; fileRef = 5C342A541E1C03DD007D2305 /* Assets.xcassets */; };
		5C342A581E1C03DD007D2305 /* LaunchScreen.storyboard in Resources */ = {isa = PBXBuildFile; fileRef = 5C342A561E1C03DD007D2305 /* LaunchScreen.storyboard */; };
		5C4B5DCD1E27AB3300307437 /* WochenUndTagesKalenderVC.swift in Sources */ = {isa = PBXBuildFile; fileRef = 5C4B5DCB1E27AB3300307437 /* WochenUndTagesKalenderVC.swift */; };
		5C4B5DD01E27AF4300307437 /* WochenUndTagesKalenderVC.xib in Resources */ = {isa = PBXBuildFile; fileRef = 5C4B5DCF1E27AF4300307437 /* WochenUndTagesKalenderVC.xib */; };
		5C4B5DD31E2A7BF300307437 /* MeditationsKalenderEintrag.xib in Resources */ = {isa = PBXBuildFile; fileRef = 5C4B5DD21E2A7BF300307437 /* MeditationsKalenderEintrag.xib */; };
		5C5501F31E1D0212004C700D /* TimerConfigView.swift in Sources */ = {isa = PBXBuildFile; fileRef = 5C5501F21E1D0212004C700D /* TimerConfigView.swift */; };
		5C5501FA1E1D0292004C700D /* TimerConfigView.xib in Resources */ = {isa = PBXBuildFile; fileRef = 5C5501F91E1D0292004C700D /* TimerConfigView.xib */; };
		5C5502041E1E614F004C700D /* TimerConfigExtensions.swift in Sources */ = {isa = PBXBuildFile; fileRef = 5C5502031E1E614F004C700D /* TimerConfigExtensions.swift */; };
		5C5502071E1E7088004C700D /* TimerConfigsTableVC.swift in Sources */ = {isa = PBXBuildFile; fileRef = 5C5502061E1E7088004C700D /* TimerConfigsTableVC.swift */; };
		5C5502091E1E7216004C700D /* TimerConfigTableViewCell.swift in Sources */ = {isa = PBXBuildFile; fileRef = 5C5502081E1E7216004C700D /* TimerConfigTableViewCell.swift */; };
		5C55020B1E1E73DD004C700D /* ConfigureTimerVC.swift in Sources */ = {isa = PBXBuildFile; fileRef = 5C55020A1E1E73DD004C700D /* ConfigureTimerVC.swift */; };
		5C55020D1E1E899C004C700D /* Extensions.swift in Sources */ = {isa = PBXBuildFile; fileRef = 5C55020C1E1E899C004C700D /* Extensions.swift */; };
		5C55020F1E1E8D7E004C700D /* Main.storyboard in Resources */ = {isa = PBXBuildFile; fileRef = 5C55020E1E1E8D7E004C700D /* Main.storyboard */; };
		5C5502111E1EA94C004C700D /* NibLoadingView.swift in Sources */ = {isa = PBXBuildFile; fileRef = 5C5502101E1EA94C004C700D /* NibLoadingView.swift */; };
		5C61C45D1E44AF4D005B744D /* StatistikUeberblick.xib in Resources */ = {isa = PBXBuildFile; fileRef = 5C61C45C1E44AF4D005B744D /* StatistikUeberblick.xib */; };
		5C61C45F1E44B9A8005B744D /* StatistikUeberblick.swift in Sources */ = {isa = PBXBuildFile; fileRef = 5C61C45E1E44B9A8005B744D /* StatistikUeberblick.swift */; };
		5C70572D1E2CF11500D307EF /* EditMeditationVC.swift in Sources */ = {isa = PBXBuildFile; fileRef = 5C70572C1E2CF11500D307EF /* EditMeditationVC.swift */; };
		5C70572F1E2D2CF400D307EF /* DesignPatterns.swift in Sources */ = {isa = PBXBuildFile; fileRef = 5C70572E1E2D2CF400D307EF /* DesignPatterns.swift */; };
		5C7057331E325DF800D307EF /* silence.mp3 in Resources */ = {isa = PBXBuildFile; fileRef = 5C7057321E325DF800D307EF /* silence.mp3 */; };
		5C7296B91E5B523000F9B4B1 /* MyCalendar.framework in Embed Frameworks */ = {isa = PBXBuildFile; fileRef = 5CEE46071E3A3765005C8713 /* MyCalendar.framework */; settings = {ATTRIBUTES = (CodeSignOnCopy, RemoveHeadersOnCopy, ); }; };
		5CA9A1331E3F9A64000C28F6 /* KursExtensions.swift in Sources */ = {isa = PBXBuildFile; fileRef = 5CA9A1321E3F9A64000C28F6 /* KursExtensions.swift */; };
		5CA9A1361E40B84C000C28F6 /* KursTableCellView.xib in Resources */ = {isa = PBXBuildFile; fileRef = 5CA9A1351E40B84C000C28F6 /* KursTableCellView.xib */; };
		5CA9A1381E40C7F3000C28F6 /* StatistikView.swift in Sources */ = {isa = PBXBuildFile; fileRef = 5CA9A1371E40C7F3000C28F6 /* StatistikView.swift */; };
		5CA9A13A1E40D2B9000C28F6 /* StatistikVC.swift in Sources */ = {isa = PBXBuildFile; fileRef = 5CA9A1391E40D2B9000C28F6 /* StatistikVC.swift */; };
		5CAFE7E71E24F93A008F740A /* klangschale.wav in Resources */ = {isa = PBXBuildFile; fileRef = 5CAFE7E61E24F93A008F740A /* klangschale.wav */; };
		5CAFE7E91E24FE1E008F740A /* HauptMenuVC.swift in Sources */ = {isa = PBXBuildFile; fileRef = 5CAFE7E81E24FE1E008F740A /* HauptMenuVC.swift */; };
		5CAFE7EB1E250327008F740A /* MeditationExtensions.swift in Sources */ = {isa = PBXBuildFile; fileRef = 5CAFE7EA1E250327008F740A /* MeditationExtensions.swift */; };
		5CAFE7ED1E250606008F740A /* DauerExtensions.swift in Sources */ = {isa = PBXBuildFile; fileRef = 5CAFE7EC1E250606008F740A /* DauerExtensions.swift */; };
		5CCE42B71E5B5942001373D8 /* EndlessScrollView.framework in Frameworks */ = {isa = PBXBuildFile; fileRef = 5C7296BC1E5B523F00F9B4B1 /* EndlessScrollView.framework */; };
		5CCE42B81E5B5942001373D8 /* EndlessScrollView.framework in Embed Frameworks */ = {isa = PBXBuildFile; fileRef = 5C7296BC1E5B523F00F9B4B1 /* EndlessScrollView.framework */; settings = {ATTRIBUTES = (CodeSignOnCopy, RemoveHeadersOnCopy, ); }; };
		5CD00D2A1E4B36FF0092A352 /* StatistikUeberblick2.xib in Resources */ = {isa = PBXBuildFile; fileRef = 5CD00D291E4B36FF0092A352 /* StatistikUeberblick2.xib */; };
		5CD00D2C1E4DF8D80092A352 /* Statistiken.swift in Sources */ = {isa = PBXBuildFile; fileRef = 5CD00D2B1E4DF8D80092A352 /* Statistiken.swift */; };
		5CD00D331E5360C40092A352 /* KalenderMonatHeaderView.xib in Resources */ = {isa = PBXBuildFile; fileRef = 5CD00D321E5360C40092A352 /* KalenderMonatHeaderView.xib */; };
		5CD00D351E53640A0092A352 /* DayViewForMonthView.xib in Resources */ = {isa = PBXBuildFile; fileRef = 5CD00D341E53640A0092A352 /* DayViewForMonthView.xib */; };
		5CD00D391E54885D0092A352 /* buddha_gold.png in Resources */ = {isa = PBXBuildFile; fileRef = 5CD00D371E54885D0092A352 /* buddha_gold.png */; };
		5CD00D3B1E548E3A0092A352 /* buddha_black.png in Resources */ = {isa = PBXBuildFile; fileRef = 5CD00D3A1E548E3A0092A352 /* buddha_black.png */; };
		5CEE460B1E3A3832005C8713 /* KalenderVC.swift in Sources */ = {isa = PBXBuildFile; fileRef = 5CEE460A1E3A3832005C8713 /* KalenderVC.swift */; };
		5CEE460F1E3A391E005C8713 /* MyCalendar.framework in Frameworks */ = {isa = PBXBuildFile; fileRef = 5CEE46071E3A3765005C8713 /* MyCalendar.framework */; };
		5CF0B6801E1FB8FD00745BB7 /* MeditationStartenVC.swift in Sources */ = {isa = PBXBuildFile; fileRef = 5CF0B67F1E1FB8FD00745BB7 /* MeditationStartenVC.swift */; };
		5CF0B6821E226FF800745BB7 /* TimerConfigTimerExtension.swift in Sources */ = {isa = PBXBuildFile; fileRef = 5CF0B6811E226FF800745BB7 /* TimerConfigTimerExtension.swift */; };
		5CF0B6841E23B8C600745BB7 /* BackgroundInfoExtensions.swift in Sources */ = {isa = PBXBuildFile; fileRef = 5CF0B6831E23B8C600745BB7 /* BackgroundInfoExtensions.swift */; };
/* End PBXBuildFile section */

/* Begin PBXContainerItemProxy section */
		5C7296BA1E5B523000F9B4B1 /* PBXContainerItemProxy */ = {
			isa = PBXContainerItemProxy;
			containerPortal = 5CEE46021E3A3765005C8713 /* MyCalendar.xcodeproj */;
			proxyType = 1;
			remoteGlobalIDString = 5C0228C21E3A20B80071ECA2;
			remoteInfo = MyCalendar;
		};
		5CEE46061E3A3765005C8713 /* PBXContainerItemProxy */ = {
			isa = PBXContainerItemProxy;
			containerPortal = 5CEE46021E3A3765005C8713 /* MyCalendar.xcodeproj */;
			proxyType = 2;
			remoteGlobalIDString = 5C0228C31E3A20B80071ECA2;
			remoteInfo = MyCalendar;
		};
/* End PBXContainerItemProxy section */

/* Begin PBXCopyFilesBuildPhase section */
		5CEE46131E3A391E005C8713 /* Embed Frameworks */ = {
			isa = PBXCopyFilesBuildPhase;
			buildActionMask = 2147483647;
			dstPath = "";
			dstSubfolderSpec = 10;
			files = (
				5C7296B91E5B523000F9B4B1 /* MyCalendar.framework in Embed Frameworks */,
				5CCE42B81E5B5942001373D8 /* EndlessScrollView.framework in Embed Frameworks */,
			);
			name = "Embed Frameworks";
			runOnlyForDeploymentPostprocessing = 0;
		};
/* End PBXCopyFilesBuildPhase section */

/* Begin PBXFileReference section */
		3DA9F84A927CF18181FB1766 /* Pods_VipassanaTimer.framework */ = {isa = PBXFileReference; explicitFileType = wrapper.framework; includeInIndex = 0; path = Pods_VipassanaTimer.framework; sourceTree = BUILT_PRODUCTS_DIR; };
		5C1A6D541E48CEAA0032A0F3 /* AppConfigExtensions.swift */ = {isa = PBXFileReference; fileEncoding = 4; lastKnownFileType = sourcecode.swift; path = AppConfigExtensions.swift; sourceTree = "<group>"; };
		5C1A6D561E48CF800032A0F3 /* SetAnfangsDatumStatistikVC.swift */ = {isa = PBXFileReference; fileEncoding = 4; lastKnownFileType = sourcecode.swift; path = SetAnfangsDatumStatistikVC.swift; sourceTree = "<group>"; };
		5C2D03851E3B6C4500A113FF /* KalenderTagHeader.xib */ = {isa = PBXFileReference; fileEncoding = 4; lastKnownFileType = file.xib; path = KalenderTagHeader.xib; sourceTree = "<group>"; };
		5C2D03881E3B882800A113FF /* KalenderTitleView.xib */ = {isa = PBXFileReference; fileEncoding = 4; lastKnownFileType = file.xib; path = KalenderTitleView.xib; sourceTree = "<group>"; };
		5C2D038C1E3F6F2C00A113FF /* MeditationTemplateExtension.swift */ = {isa = PBXFileReference; fileEncoding = 4; lastKnownFileType = sourcecode.swift; path = MeditationTemplateExtension.swift; sourceTree = "<group>"; };
		5C2D038E1E3F6FD900A113FF /* KursTemplateExtensions.swift */ = {isa = PBXFileReference; fileEncoding = 4; lastKnownFileType = sourcecode.swift; path = KursTemplateExtensions.swift; sourceTree = "<group>"; };
		5C2D03901E3F7E5B00A113FF /* MeineKurseTableVC.swift */ = {isa = PBXFileReference; fileEncoding = 4; lastKnownFileType = sourcecode.swift; path = MeineKurseTableVC.swift; sourceTree = "<group>"; };
		5C2D03921E3F7EB000A113FF /* KursErstellenVC.swift */ = {isa = PBXFileReference; fileEncoding = 4; lastKnownFileType = sourcecode.swift; path = KursErstellenVC.swift; sourceTree = "<group>"; };
		5C342A471E1C03DD007D2305 /* VipassanaTimer.app */ = {isa = PBXFileReference; explicitFileType = wrapper.application; includeInIndex = 0; path = VipassanaTimer.app; sourceTree = BUILT_PRODUCTS_DIR; };
		5C342A4A1E1C03DD007D2305 /* AppDelegate.swift */ = {isa = PBXFileReference; lastKnownFileType = sourcecode.swift; path = AppDelegate.swift; sourceTree = "<group>"; };
		5C342A521E1C03DD007D2305 /* VipassanaTimer.xcdatamodel */ = {isa = PBXFileReference; lastKnownFileType = wrapper.xcdatamodel; path = VipassanaTimer.xcdatamodel; sourceTree = "<group>"; };
		5C342A541E1C03DD007D2305 /* Assets.xcassets */ = {isa = PBXFileReference; lastKnownFileType = folder.assetcatalog; path = Assets.xcassets; sourceTree = "<group>"; };
		5C342A571E1C03DD007D2305 /* Base */ = {isa = PBXFileReference; lastKnownFileType = file.storyboard; name = Base; path = Base.lproj/LaunchScreen.storyboard; sourceTree = "<group>"; };
		5C342A591E1C03DD007D2305 /* Info.plist */ = {isa = PBXFileReference; lastKnownFileType = text.plist.xml; path = Info.plist; sourceTree = "<group>"; };
		5C4B5DCB1E27AB3300307437 /* WochenUndTagesKalenderVC.swift */ = {isa = PBXFileReference; fileEncoding = 4; lastKnownFileType = sourcecode.swift; path = WochenUndTagesKalenderVC.swift; sourceTree = "<group>"; };
		5C4B5DCF1E27AF4300307437 /* WochenUndTagesKalenderVC.xib */ = {isa = PBXFileReference; fileEncoding = 4; lastKnownFileType = file.xib; path = WochenUndTagesKalenderVC.xib; sourceTree = "<group>"; };
		5C4B5DD21E2A7BF300307437 /* MeditationsKalenderEintrag.xib */ = {isa = PBXFileReference; fileEncoding = 4; lastKnownFileType = file.xib; path = MeditationsKalenderEintrag.xib; sourceTree = "<group>"; };
		5C5501F21E1D0212004C700D /* TimerConfigView.swift */ = {isa = PBXFileReference; fileEncoding = 4; lastKnownFileType = sourcecode.swift; path = TimerConfigView.swift; sourceTree = "<group>"; };
		5C5501F91E1D0292004C700D /* TimerConfigView.xib */ = {isa = PBXFileReference; fileEncoding = 4; lastKnownFileType = file.xib; name = TimerConfigView.xib; path = VipassanaTimer/TimerConfigView.xib; sourceTree = "<group>"; };
		5C5502031E1E614F004C700D /* TimerConfigExtensions.swift */ = {isa = PBXFileReference; fileEncoding = 4; lastKnownFileType = sourcecode.swift; path = TimerConfigExtensions.swift; sourceTree = "<group>"; };
		5C5502061E1E7088004C700D /* TimerConfigsTableVC.swift */ = {isa = PBXFileReference; fileEncoding = 4; lastKnownFileType = sourcecode.swift; path = TimerConfigsTableVC.swift; sourceTree = "<group>"; };
		5C5502081E1E7216004C700D /* TimerConfigTableViewCell.swift */ = {isa = PBXFileReference; fileEncoding = 4; lastKnownFileType = sourcecode.swift; name = TimerConfigTableViewCell.swift; path = VipassanaTimer/TimerConfigTableViewCell.swift; sourceTree = "<group>"; };
		5C55020A1E1E73DD004C700D /* ConfigureTimerVC.swift */ = {isa = PBXFileReference; fileEncoding = 4; lastKnownFileType = sourcecode.swift; path = ConfigureTimerVC.swift; sourceTree = "<group>"; };
		5C55020C1E1E899C004C700D /* Extensions.swift */ = {isa = PBXFileReference; fileEncoding = 4; lastKnownFileType = sourcecode.swift; path = Extensions.swift; sourceTree = "<group>"; };
		5C55020E1E1E8D7E004C700D /* Main.storyboard */ = {isa = PBXFileReference; fileEncoding = 4; lastKnownFileType = file.storyboard; path = Main.storyboard; sourceTree = "<group>"; };
		5C5502101E1EA94C004C700D /* NibLoadingView.swift */ = {isa = PBXFileReference; fileEncoding = 4; lastKnownFileType = sourcecode.swift; path = NibLoadingView.swift; sourceTree = "<group>"; };
		5C61C45C1E44AF4D005B744D /* StatistikUeberblick.xib */ = {isa = PBXFileReference; fileEncoding = 4; lastKnownFileType = file.xib; path = StatistikUeberblick.xib; sourceTree = "<group>"; };
		5C61C45E1E44B9A8005B744D /* StatistikUeberblick.swift */ = {isa = PBXFileReference; fileEncoding = 4; lastKnownFileType = sourcecode.swift; path = StatistikUeberblick.swift; sourceTree = "<group>"; };
		5C70572C1E2CF11500D307EF /* EditMeditationVC.swift */ = {isa = PBXFileReference; fileEncoding = 4; lastKnownFileType = sourcecode.swift; path = EditMeditationVC.swift; sourceTree = "<group>"; };
		5C70572E1E2D2CF400D307EF /* DesignPatterns.swift */ = {isa = PBXFileReference; fileEncoding = 4; lastKnownFileType = sourcecode.swift; path = DesignPatterns.swift; sourceTree = "<group>"; };
		5C7057321E325DF800D307EF /* silence.mp3 */ = {isa = PBXFileReference; lastKnownFileType = audio.mp3; path = silence.mp3; sourceTree = "<group>"; };
		5C7296BC1E5B523F00F9B4B1 /* EndlessScrollView.framework */ = {isa = PBXFileReference; explicitFileType = wrapper.framework; path = EndlessScrollView.framework; sourceTree = BUILT_PRODUCTS_DIR; };
		5CA9A1321E3F9A64000C28F6 /* KursExtensions.swift */ = {isa = PBXFileReference; fileEncoding = 4; lastKnownFileType = sourcecode.swift; path = KursExtensions.swift; sourceTree = "<group>"; };
		5CA9A1351E40B84C000C28F6 /* KursTableCellView.xib */ = {isa = PBXFileReference; fileEncoding = 4; lastKnownFileType = file.xib; path = KursTableCellView.xib; sourceTree = "<group>"; };
		5CA9A1371E40C7F3000C28F6 /* StatistikView.swift */ = {isa = PBXFileReference; fileEncoding = 4; lastKnownFileType = sourcecode.swift; path = StatistikView.swift; sourceTree = "<group>"; };
		5CA9A1391E40D2B9000C28F6 /* StatistikVC.swift */ = {isa = PBXFileReference; fileEncoding = 4; lastKnownFileType = sourcecode.swift; path = StatistikVC.swift; sourceTree = "<group>"; };
		5CAFE7E61E24F93A008F740A /* klangschale.wav */ = {isa = PBXFileReference; lastKnownFileType = audio.wav; path = klangschale.wav; sourceTree = "<group>"; };
		5CAFE7E81E24FE1E008F740A /* HauptMenuVC.swift */ = {isa = PBXFileReference; fileEncoding = 4; lastKnownFileType = sourcecode.swift; path = HauptMenuVC.swift; sourceTree = "<group>"; };
		5CAFE7EA1E250327008F740A /* MeditationExtensions.swift */ = {isa = PBXFileReference; fileEncoding = 4; lastKnownFileType = sourcecode.swift; path = MeditationExtensions.swift; sourceTree = "<group>"; };
		5CAFE7EC1E250606008F740A /* DauerExtensions.swift */ = {isa = PBXFileReference; fileEncoding = 4; lastKnownFileType = sourcecode.swift; path = DauerExtensions.swift; sourceTree = "<group>"; };
		5CD00D291E4B36FF0092A352 /* StatistikUeberblick2.xib */ = {isa = PBXFileReference; fileEncoding = 4; lastKnownFileType = file.xib; path = StatistikUeberblick2.xib; sourceTree = "<group>"; };
		5CD00D2B1E4DF8D80092A352 /* Statistiken.swift */ = {isa = PBXFileReference; fileEncoding = 4; lastKnownFileType = sourcecode.swift; path = Statistiken.swift; sourceTree = "<group>"; };
		5CD00D321E5360C40092A352 /* KalenderMonatHeaderView.xib */ = {isa = PBXFileReference; fileEncoding = 4; lastKnownFileType = file.xib; path = KalenderMonatHeaderView.xib; sourceTree = "<group>"; };
		5CD00D341E53640A0092A352 /* DayViewForMonthView.xib */ = {isa = PBXFileReference; fileEncoding = 4; lastKnownFileType = file.xib; path = DayViewForMonthView.xib; sourceTree = "<group>"; };
		5CD00D371E54885D0092A352 /* buddha_gold.png */ = {isa = PBXFileReference; lastKnownFileType = image.png; path = buddha_gold.png; sourceTree = "<group>"; };
		5CD00D3A1E548E3A0092A352 /* buddha_black.png */ = {isa = PBXFileReference; lastKnownFileType = image.png; path = buddha_black.png; sourceTree = "<group>"; };
		5CEE46021E3A3765005C8713 /* MyCalendar.xcodeproj */ = {isa = PBXFileReference; lastKnownFileType = "wrapper.pb-project"; name = MyCalendar.xcodeproj; path = ../MyCalendar/MyCalendar.xcodeproj; sourceTree = "<group>"; };
		5CEE460A1E3A3832005C8713 /* KalenderVC.swift */ = {isa = PBXFileReference; fileEncoding = 4; lastKnownFileType = sourcecode.swift; path = KalenderVC.swift; sourceTree = "<group>"; };
		5CF0B67F1E1FB8FD00745BB7 /* MeditationStartenVC.swift */ = {isa = PBXFileReference; fileEncoding = 4; lastKnownFileType = sourcecode.swift; path = MeditationStartenVC.swift; sourceTree = "<group>"; };
		5CF0B6811E226FF800745BB7 /* TimerConfigTimerExtension.swift */ = {isa = PBXFileReference; fileEncoding = 4; lastKnownFileType = sourcecode.swift; path = TimerConfigTimerExtension.swift; sourceTree = "<group>"; };
		5CF0B6831E23B8C600745BB7 /* BackgroundInfoExtensions.swift */ = {isa = PBXFileReference; fileEncoding = 4; lastKnownFileType = sourcecode.swift; path = BackgroundInfoExtensions.swift; sourceTree = "<group>"; };
		D776B673FAABE5F36EB3BA0A /* Pods-VipassanaTimer.debug.xcconfig */ = {isa = PBXFileReference; includeInIndex = 1; lastKnownFileType = text.xcconfig; name = "Pods-VipassanaTimer.debug.xcconfig"; path = "Pods/Target Support Files/Pods-VipassanaTimer/Pods-VipassanaTimer.debug.xcconfig"; sourceTree = "<group>"; };
		FF76ADCC301E7AE36570BEF9 /* Pods-VipassanaTimer.release.xcconfig */ = {isa = PBXFileReference; includeInIndex = 1; lastKnownFileType = text.xcconfig; name = "Pods-VipassanaTimer.release.xcconfig"; path = "Pods/Target Support Files/Pods-VipassanaTimer/Pods-VipassanaTimer.release.xcconfig"; sourceTree = "<group>"; };
/* End PBXFileReference section */

/* Begin PBXFrameworksBuildPhase section */
		5C342A441E1C03DC007D2305 /* Frameworks */ = {
			isa = PBXFrameworksBuildPhase;
			buildActionMask = 2147483647;
			files = (
				5CEE460F1E3A391E005C8713 /* MyCalendar.framework in Frameworks */,
				4F729124BDB8FC647A780650 /* Pods_VipassanaTimer.framework in Frameworks */,
				5CCE42B71E5B5942001373D8 /* EndlessScrollView.framework in Frameworks */,
			);
			runOnlyForDeploymentPostprocessing = 0;
		};
/* End PBXFrameworksBuildPhase section */

/* Begin PBXGroup section */
		14A6926BD097386B939C5B71 /* Frameworks */ = {
			isa = PBXGroup;
			children = (
				5CEE46021E3A3765005C8713 /* MyCalendar.xcodeproj */,
				5C7296BC1E5B523F00F9B4B1 /* EndlessScrollView.framework */,
				3DA9F84A927CF18181FB1766 /* Pods_VipassanaTimer.framework */,
			);
			name = Frameworks;
			sourceTree = "<group>";
		};
		5C2D03871E3B7B1500A113FF /* Kalender */ = {
			isa = PBXGroup;
			children = (
				5CEE460A1E3A3832005C8713 /* KalenderVC.swift */,
				5CD00D341E53640A0092A352 /* DayViewForMonthView.xib */,
				5C2D03881E3B882800A113FF /* KalenderTitleView.xib */,
				5CD00D321E5360C40092A352 /* KalenderMonatHeaderView.xib */,
				5C2D03851E3B6C4500A113FF /* KalenderTagHeader.xib */,
			);
			name = Kalender;
			sourceTree = "<group>";
		};
		5C342A3E1E1C03DC007D2305 = {
			isa = PBXGroup;
			children = (
				5C342A491E1C03DD007D2305 /* VipassanaTimer */,
				5C342A481E1C03DD007D2305 /* Products */,
				E2C6AAE36BBECAB5DAF51DB6 /* Pods */,
				14A6926BD097386B939C5B71 /* Frameworks */,
			);
			sourceTree = "<group>";
		};
		5C342A481E1C03DD007D2305 /* Products */ = {
			isa = PBXGroup;
			children = (
				5C342A471E1C03DD007D2305 /* VipassanaTimer.app */,
			);
			name = Products;
			sourceTree = "<group>";
		};
		5C342A491E1C03DD007D2305 /* VipassanaTimer */ = {
			isa = PBXGroup;
			children = (
				5C55020E1E1E8D7E004C700D /* Main.storyboard */,
				5CAFE7E81E24FE1E008F740A /* HauptMenuVC.swift */,
				5CF0B67F1E1FB8FD00745BB7 /* MeditationStartenVC.swift */,
				5C70572C1E2CF11500D307EF /* EditMeditationVC.swift */,
				5CA9A13B1E40D2C1000C28F6 /* Statistik */,
				5CA9A1341E40AC36000C28F6 /* Kurse */,
				5C2D03871E3B7B1500A113FF /* Kalender */,
				5CF0B67E1E1EAA6A00745BB7 /* TimerConfig */,
				5C5502121E1EA96C004C700D /* helper */,
				5C5502011E1E5B0F004C700D /* CoreData */,
				5C5502021E1E5B37004C700D /* supporting files */,
			);
			path = VipassanaTimer;
			sourceTree = "<group>";
		};
		5C4B5DD11E27F5DE00307437 /* Kalender old */ = {
			isa = PBXGroup;
			children = (
				5C4B5DCB1E27AB3300307437 /* WochenUndTagesKalenderVC.swift */,
				5C4B5DCF1E27AF4300307437 /* WochenUndTagesKalenderVC.xib */,
			);
			name = "Kalender old";
			sourceTree = "<group>";
		};
		5C5502011E1E5B0F004C700D /* CoreData */ = {
			isa = PBXGroup;
			children = (
				5C342A511E1C03DD007D2305 /* VipassanaTimer.xcdatamodeld */,
				5C1A6D541E48CEAA0032A0F3 /* AppConfigExtensions.swift */,
				5C2D038E1E3F6FD900A113FF /* KursTemplateExtensions.swift */,
				5CA9A1321E3F9A64000C28F6 /* KursExtensions.swift */,
				5CAFE7EA1E250327008F740A /* MeditationExtensions.swift */,
				5C2D038C1E3F6F2C00A113FF /* MeditationTemplateExtension.swift */,
				5CF0B6831E23B8C600745BB7 /* BackgroundInfoExtensions.swift */,
				5C5502031E1E614F004C700D /* TimerConfigExtensions.swift */,
				5CAFE7EC1E250606008F740A /* DauerExtensions.swift */,
				5C4B5DD21E2A7BF300307437 /* MeditationsKalenderEintrag.xib */,
			);
			name = CoreData;
			sourceTree = "<group>";
		};
		5C5502021E1E5B37004C700D /* supporting files */ = {
			isa = PBXGroup;
			children = (
				5CD00D371E54885D0092A352 /* buddha_gold.png */,
				5CD00D3A1E548E3A0092A352 /* buddha_black.png */,
				5C342A4A1E1C03DD007D2305 /* AppDelegate.swift */,
				5C342A541E1C03DD007D2305 /* Assets.xcassets */,
				5C342A561E1C03DD007D2305 /* LaunchScreen.storyboard */,
				5C342A591E1C03DD007D2305 /* Info.plist */,
				5CAFE7E61E24F93A008F740A /* klangschale.wav */,
				5C7057321E325DF800D307EF /* silence.mp3 */,
				5C4B5DD11E27F5DE00307437 /* Kalender old */,
			);
			name = "supporting files";
			sourceTree = "<group>";
		};
		5C5502051E1E6FF5004C700D /* TimerConfigControl */ = {
			isa = PBXGroup;
			children = (
				5C5501F91E1D0292004C700D /* TimerConfigView.xib */,
				5C5501F21E1D0212004C700D /* TimerConfigView.swift */,
				5CF0B6811E226FF800745BB7 /* TimerConfigTimerExtension.swift */,
				5C5502081E1E7216004C700D /* TimerConfigTableViewCell.swift */,
			);
			name = TimerConfigControl;
			path = ..;
			sourceTree = "<group>";
		};
		5C5502121E1EA96C004C700D /* helper */ = {
			isa = PBXGroup;
			children = (
				5C55020C1E1E899C004C700D /* Extensions.swift */,
				5C70572E1E2D2CF400D307EF /* DesignPatterns.swift */,
				5C5502101E1EA94C004C700D /* NibLoadingView.swift */,
			);
			name = helper;
			sourceTree = "<group>";
		};
		5CA9A1341E40AC36000C28F6 /* Kurse */ = {
			isa = PBXGroup;
			children = (
				5C2D03901E3F7E5B00A113FF /* MeineKurseTableVC.swift */,
				5C2D03921E3F7EB000A113FF /* KursErstellenVC.swift */,
				5CA9A1351E40B84C000C28F6 /* KursTableCellView.xib */,
			);
			name = Kurse;
			sourceTree = "<group>";
		};
		5CA9A13B1E40D2C1000C28F6 /* Statistik */ = {
			isa = PBXGroup;
			children = (
				5CD00D2B1E4DF8D80092A352 /* Statistiken.swift */,
				5CA9A1391E40D2B9000C28F6 /* StatistikVC.swift */,
				5CA9A1371E40C7F3000C28F6 /* StatistikView.swift */,
				5C61C45E1E44B9A8005B744D /* StatistikUeberblick.swift */,
				5C1A6D561E48CF800032A0F3 /* SetAnfangsDatumStatistikVC.swift */,
				5C61C45C1E44AF4D005B744D /* StatistikUeberblick.xib */,
				5CD00D291E4B36FF0092A352 /* StatistikUeberblick2.xib */,
			);
			name = Statistik;
			sourceTree = "<group>";
		};
		5CEE46031E3A3765005C8713 /* Products */ = {
			isa = PBXGroup;
			children = (
				5CEE46071E3A3765005C8713 /* MyCalendar.framework */,
			);
			name = Products;
			sourceTree = "<group>";
		};
		5CF0B67E1E1EAA6A00745BB7 /* TimerConfig */ = {
			isa = PBXGroup;
			children = (
				5C5502061E1E7088004C700D /* TimerConfigsTableVC.swift */,
				5C55020A1E1E73DD004C700D /* ConfigureTimerVC.swift */,
				5C5502051E1E6FF5004C700D /* TimerConfigControl */,
			);
			name = TimerConfig;
			sourceTree = "<group>";
		};
		E2C6AAE36BBECAB5DAF51DB6 /* Pods */ = {
			isa = PBXGroup;
			children = (
				D776B673FAABE5F36EB3BA0A /* Pods-VipassanaTimer.debug.xcconfig */,
				FF76ADCC301E7AE36570BEF9 /* Pods-VipassanaTimer.release.xcconfig */,
			);
			name = Pods;
			sourceTree = "<group>";
		};
/* End PBXGroup section */

/* Begin PBXNativeTarget section */
		5C342A461E1C03DC007D2305 /* VipassanaTimer */ = {
			isa = PBXNativeTarget;
			buildConfigurationList = 5C342A5C1E1C03DD007D2305 /* Build configuration list for PBXNativeTarget "VipassanaTimer" */;
			buildPhases = (
				94715CF7D9404B88DCF54DDD /* [CP] Check Pods Manifest.lock */,
				5C342A431E1C03DC007D2305 /* Sources */,
				5C342A441E1C03DC007D2305 /* Frameworks */,
				5C342A451E1C03DC007D2305 /* Resources */,
				B0D9E8A6C9A396FFE1BC119B /* [CP] Embed Pods Frameworks */,
				3A615C8933C1E866E8A43050 /* [CP] Copy Pods Resources */,
				5CEE46131E3A391E005C8713 /* Embed Frameworks */,
			);
			buildRules = (
			);
			dependencies = (
				5C7296BB1E5B523000F9B4B1 /* PBXTargetDependency */,
			);
			name = VipassanaTimer;
			productName = VipassanaTimer;
			productReference = 5C342A471E1C03DD007D2305 /* VipassanaTimer.app */;
			productType = "com.apple.product-type.application";
		};
/* End PBXNativeTarget section */

/* Begin PBXProject section */
		5C342A3F1E1C03DC007D2305 /* Project object */ = {
			isa = PBXProject;
			attributes = {
				LastSwiftUpdateCheck = 0820;
				LastUpgradeCheck = 0820;
				ORGANIZATIONNAME = "Matthias Pochmann";
				TargetAttributes = {
					5C342A461E1C03DC007D2305 = {
						CreatedOnToolsVersion = 8.2.1;
						DevelopmentTeam = XAD3F7PHKG;
						ProvisioningStyle = Automatic;
						SystemCapabilities = {
							com.apple.BackgroundModes = {
								enabled = 0;
							};
							com.apple.HealthKit = {
								enabled = 0;
							};
						};
					};
				};
			};
			buildConfigurationList = 5C342A421E1C03DC007D2305 /* Build configuration list for PBXProject "VipassanaTimer" */;
			compatibilityVersion = "Xcode 3.2";
			developmentRegion = English;
			hasScannedForEncodings = 0;
			knownRegions = (
				en,
				Base,
			);
			mainGroup = 5C342A3E1E1C03DC007D2305;
			productRefGroup = 5C342A481E1C03DD007D2305 /* Products */;
			projectDirPath = "";
			projectReferences = (
				{
					ProductGroup = 5CEE46031E3A3765005C8713 /* Products */;
					ProjectRef = 5CEE46021E3A3765005C8713 /* MyCalendar.xcodeproj */;
				},
			);
			projectRoot = "";
			targets = (
				5C342A461E1C03DC007D2305 /* VipassanaTimer */,
			);
		};
/* End PBXProject section */

/* Begin PBXReferenceProxy section */
		5CEE46071E3A3765005C8713 /* MyCalendar.framework */ = {
			isa = PBXReferenceProxy;
			fileType = wrapper.framework;
			path = MyCalendar.framework;
			remoteRef = 5CEE46061E3A3765005C8713 /* PBXContainerItemProxy */;
			sourceTree = BUILT_PRODUCTS_DIR;
		};
/* End PBXReferenceProxy section */

/* Begin PBXResourcesBuildPhase section */
		5C342A451E1C03DC007D2305 /* Resources */ = {
			isa = PBXResourcesBuildPhase;
			buildActionMask = 2147483647;
			files = (
				5C61C45D1E44AF4D005B744D /* StatistikUeberblick.xib in Resources */,
				5CD00D351E53640A0092A352 /* DayViewForMonthView.xib in Resources */,
				5C2D03861E3B6C4500A113FF /* KalenderTagHeader.xib in Resources */,
				5CAFE7E71E24F93A008F740A /* klangschale.wav in Resources */,
				5C342A581E1C03DD007D2305 /* LaunchScreen.storyboard in Resources */,
				5C342A551E1C03DD007D2305 /* Assets.xcassets in Resources */,
				5CA9A1361E40B84C000C28F6 /* KursTableCellView.xib in Resources */,
				5CD00D2A1E4B36FF0092A352 /* StatistikUeberblick2.xib in Resources */,
				5C5501FA1E1D0292004C700D /* TimerConfigView.xib in Resources */,
				5C7057331E325DF800D307EF /* silence.mp3 in Resources */,
				5CD00D391E54885D0092A352 /* buddha_gold.png in Resources */,
				5CD00D331E5360C40092A352 /* KalenderMonatHeaderView.xib in Resources */,
				5C55020F1E1E8D7E004C700D /* Main.storyboard in Resources */,
				5C2D03891E3B882800A113FF /* KalenderTitleView.xib in Resources */,
				5C4B5DD01E27AF4300307437 /* WochenUndTagesKalenderVC.xib in Resources */,
				5CD00D3B1E548E3A0092A352 /* buddha_black.png in Resources */,
				5C4B5DD31E2A7BF300307437 /* MeditationsKalenderEintrag.xib in Resources */,
			);
			runOnlyForDeploymentPostprocessing = 0;
		};
/* End PBXResourcesBuildPhase section */

/* Begin PBXShellScriptBuildPhase section */
		3A615C8933C1E866E8A43050 /* [CP] Copy Pods Resources */ = {
			isa = PBXShellScriptBuildPhase;
			buildActionMask = 2147483647;
			files = (
			);
			inputPaths = (
			);
			name = "[CP] Copy Pods Resources";
			outputPaths = (
			);
			runOnlyForDeploymentPostprocessing = 0;
			shellPath = /bin/sh;
			shellScript = "\"${SRCROOT}/Pods/Target Support Files/Pods-VipassanaTimer/Pods-VipassanaTimer-resources.sh\"\n";
			showEnvVarsInLog = 0;
		};
		94715CF7D9404B88DCF54DDD /* [CP] Check Pods Manifest.lock */ = {
			isa = PBXShellScriptBuildPhase;
			buildActionMask = 2147483647;
			files = (
			);
			inputPaths = (
			);
			name = "[CP] Check Pods Manifest.lock";
			outputPaths = (
			);
			runOnlyForDeploymentPostprocessing = 0;
			shellPath = /bin/sh;
			shellScript = "diff \"${PODS_ROOT}/../Podfile.lock\" \"${PODS_ROOT}/Manifest.lock\" > /dev/null\nif [ $? != 0 ] ; then\n    # print error to STDERR\n    echo \"error: The sandbox is not in sync with the Podfile.lock. Run 'pod install' or update your CocoaPods installation.\" >&2\n    exit 1\nfi\n";
			showEnvVarsInLog = 0;
		};
		B0D9E8A6C9A396FFE1BC119B /* [CP] Embed Pods Frameworks */ = {
			isa = PBXShellScriptBuildPhase;
			buildActionMask = 2147483647;
			files = (
			);
			inputPaths = (
			);
			name = "[CP] Embed Pods Frameworks";
			outputPaths = (
			);
			runOnlyForDeploymentPostprocessing = 0;
			shellPath = /bin/sh;
			shellScript = "\"${SRCROOT}/Pods/Target Support Files/Pods-VipassanaTimer/Pods-VipassanaTimer-frameworks.sh\"\n";
			showEnvVarsInLog = 0;
		};
/* End PBXShellScriptBuildPhase section */

/* Begin PBXSourcesBuildPhase section */
		5C342A431E1C03DC007D2305 /* Sources */ = {
			isa = PBXSourcesBuildPhase;
			buildActionMask = 2147483647;
			files = (
				5CF0B6801E1FB8FD00745BB7 /* MeditationStartenVC.swift in Sources */,
				5CEE460B1E3A3832005C8713 /* KalenderVC.swift in Sources */,
				5CF0B6821E226FF800745BB7 /* TimerConfigTimerExtension.swift in Sources */,
				5C1A6D551E48CEAA0032A0F3 /* AppConfigExtensions.swift in Sources */,
				5C5502071E1E7088004C700D /* TimerConfigsTableVC.swift in Sources */,
				5C2D038F1E3F6FD900A113FF /* KursTemplateExtensions.swift in Sources */,
				5C2D03931E3F7EB000A113FF /* KursErstellenVC.swift in Sources */,
				5C55020B1E1E73DD004C700D /* ConfigureTimerVC.swift in Sources */,
				5C1A6D571E48CF800032A0F3 /* SetAnfangsDatumStatistikVC.swift in Sources */,
				5C5502091E1E7216004C700D /* TimerConfigTableViewCell.swift in Sources */,
				5C61C45F1E44B9A8005B744D /* StatistikUeberblick.swift in Sources */,
				5CAFE7ED1E250606008F740A /* DauerExtensions.swift in Sources */,
				5CF0B6841E23B8C600745BB7 /* BackgroundInfoExtensions.swift in Sources */,
				5C5502111E1EA94C004C700D /* NibLoadingView.swift in Sources */,
				5C70572F1E2D2CF400D307EF /* DesignPatterns.swift in Sources */,
				5CAFE7EB1E250327008F740A /* MeditationExtensions.swift in Sources */,
				5C55020D1E1E899C004C700D /* Extensions.swift in Sources */,
				5C2D03911E3F7E5B00A113FF /* MeineKurseTableVC.swift in Sources */,
				5CA9A13A1E40D2B9000C28F6 /* StatistikVC.swift in Sources */,
				5C342A531E1C03DD007D2305 /* VipassanaTimer.xcdatamodeld in Sources */,
				5CAFE7E91E24FE1E008F740A /* HauptMenuVC.swift in Sources */,
				5C70572D1E2CF11500D307EF /* EditMeditationVC.swift in Sources */,
				5C5502041E1E614F004C700D /* TimerConfigExtensions.swift in Sources */,
				5C5501F31E1D0212004C700D /* TimerConfigView.swift in Sources */,
				5CA9A1331E3F9A64000C28F6 /* KursExtensions.swift in Sources */,
				5C2D038D1E3F6F2C00A113FF /* MeditationTemplateExtension.swift in Sources */,
				5C4B5DCD1E27AB3300307437 /* WochenUndTagesKalenderVC.swift in Sources */,
				5CD00D2C1E4DF8D80092A352 /* Statistiken.swift in Sources */,
				5CA9A1381E40C7F3000C28F6 /* StatistikView.swift in Sources */,
				5C342A4B1E1C03DD007D2305 /* AppDelegate.swift in Sources */,
			);
			runOnlyForDeploymentPostprocessing = 0;
		};
/* End PBXSourcesBuildPhase section */

/* Begin PBXTargetDependency section */
		5C7296BB1E5B523000F9B4B1 /* PBXTargetDependency */ = {
			isa = PBXTargetDependency;
			name = MyCalendar;
			targetProxy = 5C7296BA1E5B523000F9B4B1 /* PBXContainerItemProxy */;
		};
/* End PBXTargetDependency section */

/* Begin PBXVariantGroup section */
		5C342A561E1C03DD007D2305 /* LaunchScreen.storyboard */ = {
			isa = PBXVariantGroup;
			children = (
				5C342A571E1C03DD007D2305 /* Base */,
			);
			name = LaunchScreen.storyboard;
			sourceTree = "<group>";
		};
/* End PBXVariantGroup section */

/* Begin XCBuildConfiguration section */
		5C342A5A1E1C03DD007D2305 /* Debug */ = {
			isa = XCBuildConfiguration;
			buildSettings = {
				ALWAYS_SEARCH_USER_PATHS = NO;
				CLANG_ANALYZER_NONNULL = YES;
				CLANG_CXX_LANGUAGE_STANDARD = "gnu++0x";
				CLANG_CXX_LIBRARY = "libc++";
				CLANG_ENABLE_MODULES = YES;
				CLANG_ENABLE_OBJC_ARC = YES;
				CLANG_WARN_BOOL_CONVERSION = YES;
				CLANG_WARN_CONSTANT_CONVERSION = YES;
				CLANG_WARN_DIRECT_OBJC_ISA_USAGE = YES_ERROR;
				CLANG_WARN_DOCUMENTATION_COMMENTS = YES;
				CLANG_WARN_EMPTY_BODY = YES;
				CLANG_WARN_ENUM_CONVERSION = YES;
				CLANG_WARN_INFINITE_RECURSION = YES;
				CLANG_WARN_INT_CONVERSION = YES;
				CLANG_WARN_OBJC_ROOT_CLASS = YES_ERROR;
				CLANG_WARN_SUSPICIOUS_MOVE = YES;
				CLANG_WARN_UNREACHABLE_CODE = YES;
				CLANG_WARN__DUPLICATE_METHOD_MATCH = YES;
				"CODE_SIGN_IDENTITY[sdk=iphoneos*]" = "iPhone Developer";
				COPY_PHASE_STRIP = NO;
				DEBUG_INFORMATION_FORMAT = dwarf;
				ENABLE_STRICT_OBJC_MSGSEND = YES;
				ENABLE_TESTABILITY = YES;
				GCC_C_LANGUAGE_STANDARD = gnu99;
				GCC_DYNAMIC_NO_PIC = NO;
				GCC_NO_COMMON_BLOCKS = YES;
				GCC_OPTIMIZATION_LEVEL = 0;
				GCC_PREPROCESSOR_DEFINITIONS = (
					"DEBUG=1",
					"$(inherited)",
				);
				GCC_WARN_64_TO_32_BIT_CONVERSION = YES;
				GCC_WARN_ABOUT_RETURN_TYPE = YES_ERROR;
				GCC_WARN_UNDECLARED_SELECTOR = YES;
				GCC_WARN_UNINITIALIZED_AUTOS = YES_AGGRESSIVE;
				GCC_WARN_UNUSED_FUNCTION = YES;
				GCC_WARN_UNUSED_VARIABLE = YES;
				IPHONEOS_DEPLOYMENT_TARGET = 10.2;
				MTL_ENABLE_DEBUG_INFO = YES;
				ONLY_ACTIVE_ARCH = YES;
				SDKROOT = iphoneos;
				SWIFT_ACTIVE_COMPILATION_CONDITIONS = DEBUG;
				SWIFT_OPTIMIZATION_LEVEL = "-Onone";
				TARGETED_DEVICE_FAMILY = "1,2";
			};
			name = Debug;
		};
		5C342A5B1E1C03DD007D2305 /* Release */ = {
			isa = XCBuildConfiguration;
			buildSettings = {
				ALWAYS_SEARCH_USER_PATHS = NO;
				CLANG_ANALYZER_NONNULL = YES;
				CLANG_CXX_LANGUAGE_STANDARD = "gnu++0x";
				CLANG_CXX_LIBRARY = "libc++";
				CLANG_ENABLE_MODULES = YES;
				CLANG_ENABLE_OBJC_ARC = YES;
				CLANG_WARN_BOOL_CONVERSION = YES;
				CLANG_WARN_CONSTANT_CONVERSION = YES;
				CLANG_WARN_DIRECT_OBJC_ISA_USAGE = YES_ERROR;
				CLANG_WARN_DOCUMENTATION_COMMENTS = YES;
				CLANG_WARN_EMPTY_BODY = YES;
				CLANG_WARN_ENUM_CONVERSION = YES;
				CLANG_WARN_INFINITE_RECURSION = YES;
				CLANG_WARN_INT_CONVERSION = YES;
				CLANG_WARN_OBJC_ROOT_CLASS = YES_ERROR;
				CLANG_WARN_SUSPICIOUS_MOVE = YES;
				CLANG_WARN_UNREACHABLE_CODE = YES;
				CLANG_WARN__DUPLICATE_METHOD_MATCH = YES;
				"CODE_SIGN_IDENTITY[sdk=iphoneos*]" = "iPhone Developer";
				COPY_PHASE_STRIP = NO;
				DEBUG_INFORMATION_FORMAT = "dwarf-with-dsym";
				ENABLE_NS_ASSERTIONS = NO;
				ENABLE_STRICT_OBJC_MSGSEND = YES;
				GCC_C_LANGUAGE_STANDARD = gnu99;
				GCC_NO_COMMON_BLOCKS = YES;
				GCC_WARN_64_TO_32_BIT_CONVERSION = YES;
				GCC_WARN_ABOUT_RETURN_TYPE = YES_ERROR;
				GCC_WARN_UNDECLARED_SELECTOR = YES;
				GCC_WARN_UNINITIALIZED_AUTOS = YES_AGGRESSIVE;
				GCC_WARN_UNUSED_FUNCTION = YES;
				GCC_WARN_UNUSED_VARIABLE = YES;
				IPHONEOS_DEPLOYMENT_TARGET = 10.2;
				MTL_ENABLE_DEBUG_INFO = NO;
				SDKROOT = iphoneos;
				SWIFT_OPTIMIZATION_LEVEL = "-Owholemodule";
				TARGETED_DEVICE_FAMILY = "1,2";
				VALIDATE_PRODUCT = YES;
			};
			name = Release;
		};
		5C342A5D1E1C03DD007D2305 /* Debug */ = {
			isa = XCBuildConfiguration;
			baseConfigurationReference = D776B673FAABE5F36EB3BA0A /* Pods-VipassanaTimer.debug.xcconfig */;
			buildSettings = {
				ALWAYS_EMBED_SWIFT_STANDARD_LIBRARIES = YES;
				ASSETCATALOG_COMPILER_APPICON_NAME = AppIcon;
				DEVELOPMENT_TEAM = XAD3F7PHKG;
				INFOPLIST_FILE = VipassanaTimer/Info.plist;
				LD_RUNPATH_SEARCH_PATHS = "$(inherited) @executable_path/Frameworks";
				OTHER_SWIFT_FLAGS = "$(inherited) \"-D\" \"COCOAPODS\" -Xfrontend -debug-time-function-bodies";
				PRODUCT_BUNDLE_IDENTIFIER = DNS.VipassanaTimer;
				PRODUCT_NAME = "$(TARGET_NAME)";
				SWIFT_VERSION = 3.0;
			};
			name = Debug;
		};
		5C342A5E1E1C03DD007D2305 /* Release */ = {
			isa = XCBuildConfiguration;
			baseConfigurationReference = FF76ADCC301E7AE36570BEF9 /* Pods-VipassanaTimer.release.xcconfig */;
			buildSettings = {
				ALWAYS_EMBED_SWIFT_STANDARD_LIBRARIES = YES;
				ASSETCATALOG_COMPILER_APPICON_NAME = AppIcon;
				DEVELOPMENT_TEAM = XAD3F7PHKG;
				INFOPLIST_FILE = VipassanaTimer/Info.plist;
				LD_RUNPATH_SEARCH_PATHS = "$(inherited) @executable_path/Frameworks";
				OTHER_SWIFT_FLAGS = "$(inherited) \"-D\" \"COCOAPODS\" -Xfrontend -debug-time-function-bodies";
				PRODUCT_BUNDLE_IDENTIFIER = DNS.VipassanaTimer;
				PRODUCT_NAME = "$(TARGET_NAME)";
				SWIFT_VERSION = 3.0;
			};
			name = Release;
		};
/* End XCBuildConfiguration section */

/* Begin XCConfigurationList section */
		5C342A421E1C03DC007D2305 /* Build configuration list for PBXProject "VipassanaTimer" */ = {
			isa = XCConfigurationList;
			buildConfigurations = (
				5C342A5A1E1C03DD007D2305 /* Debug */,
				5C342A5B1E1C03DD007D2305 /* Release */,
			);
			defaultConfigurationIsVisible = 0;
			defaultConfigurationName = Release;
		};
		5C342A5C1E1C03DD007D2305 /* Build configuration list for PBXNativeTarget "VipassanaTimer" */ = {
			isa = XCConfigurationList;
			buildConfigurations = (
				5C342A5D1E1C03DD007D2305 /* Debug */,
				5C342A5E1E1C03DD007D2305 /* Release */,
			);
			defaultConfigurationIsVisible = 0;
			defaultConfigurationName = Release;
		};
/* End XCConfigurationList section */

/* Begin XCVersionGroup section */
		5C342A511E1C03DD007D2305 /* VipassanaTimer.xcdatamodeld */ = {
			isa = XCVersionGroup;
			children = (
				5C342A521E1C03DD007D2305 /* VipassanaTimer.xcdatamodel */,
			);
			currentVersion = 5C342A521E1C03DD007D2305 /* VipassanaTimer.xcdatamodel */;
			path = VipassanaTimer.xcdatamodeld;
			sourceTree = "<group>";
			versionGroupType = wrapper.xcdatamodel;
		};
/* End XCVersionGroup section */
	};
	rootObject = 5C342A3F1E1C03DC007D2305 /* Project object */;
}
